
Microsoft Visual Studio Solution File, Format Version 12.00
# Visual Studio Version 17
VisualStudioVersion = 17.5.002.0
MinimumVisualStudioVersion = 10.0.40219.1
Project("{9A19103F-16F7-4668-BE54-9A1E7A4F7556}") = "CrudApp", "CrudApp.csproj", "{EC6BC533-BE15-4345-9377-F20A4D4DE8A9}"
EndProject
Global
	GlobalSection(SolutionConfigurationPlatforms) = preSolution
		Debug|Any CPU = Debug|Any CPU
		Release|Any CPU = Release|Any CPU
	EndGlobalSection
	GlobalSection(ProjectConfigurationPlatforms) = postSolution
		{EC6BC533-BE15-4345-9377-F20A4D4DE8A9}.Debug|Any CPU.ActiveCfg = Debug|Any CPU
		{EC6BC533-BE15-4345-9377-F20A4D4DE8A9}.Debug|Any CPU.Build.0 = Debug|Any CPU
		{EC6BC533-BE15-4345-9377-F20A4D4DE8A9}.Release|Any CPU.ActiveCfg = Release|Any CPU
		{EC6BC533-BE15-4345-9377-F20A4D4DE8A9}.Release|Any CPU.Build.0 = Release|Any CPU
	EndGlobalSection
	GlobalSection(SolutionProperties) = preSolution
		HideSolutionNode = FALSE
	EndGlobalSection
	GlobalSection(ExtensibilityGlobals) = postSolution
		SolutionGuid = {69FDC15C-ED67-4D12-B053-42F47638C5B1}
	EndGlobalSection
EndGlobal
